{
  "name": "dcl-project",
  "version": "1.0.0",
  "lockfileVersion": 1,
  "requires": true,
  "dependencies": {
    "decentraland-ecs": {
      "version": "6.5.0",
      "resolved": "https://registry.npmjs.org/decentraland-ecs/-/decentraland-ecs-6.5.0.tgz",
      "integrity": "sha512-xtqeHBlrhJheGzhOf6RlxnGErxOYlK7LzXpnN40Eu2SSjs4RYkk8ZKPFY8UmKbK/grK/ZCJ7qNKsghiNz9TlDA==",
      "dev": true,
      "requires": {
        "typescript": "^3.8.3",
        "uglify-js": "^3.5.2"
      }
    },
    "typescript": {
      "version": "3.9.7",
      "resolved": "https://registry.npmjs.org/typescript/-/typescript-3.9.7.tgz",
      "integrity": "sha512-BLbiRkiBzAwsjut4x/dsibSTB6yWpwT5qWmC2OfuCg3GgVQCSgMs4vEctYPhsaGtd0AeuuHMkjZ2h2WG8MSzRw==",
      "dev": true
    },
    "uglify-js": {
      "version": "3.10.3",
      "resolved": "https://registry.npmjs.org/uglify-js/-/uglify-js-3.10.3.tgz",
      "integrity": "sha512-Lh00i69Uf6G74mvYpHCI9KVVXLcHW/xu79YTvH7Mkc9zyKUeSPz0owW0dguj0Scavns3ZOh3wY63J0Zb97Za2g==",
      "dev": true
    }
  }
}
