{
  "name": "dcl-project",
  "version": "1.0.0",
  "lockfileVersion": 1,
  "requires": true,
  "dependencies": {
    "@dcl/ui-utils": {
      "version": "1.0.3",
      "resolved": "https://registry.npmjs.org/@dcl/ui-utils/-/ui-utils-1.0.3.tgz",
      "integrity": "sha512-qycyTBr/sQph4f2kuFr02dtRu8X4LqsN5soALrNMXPLngJpDKq81kTY9cMoOnat7mOHMTvJploOljVV/y6oaCw==",
      "requires": {
        "decentraland-ecs": "^6.5.1-20200903175247.commit-8debc3f"
      }
    },
    "decentraland-ecs": {
      "version": "6.5.1-20200903175247.commit-8debc3f",
      "resolved": "https://registry.npmjs.org/decentraland-ecs/-/decentraland-ecs-6.5.1-20200903175247.commit-8debc3f.tgz",
      "integrity": "sha512-7Ik80Y0ZA4olVWA8C8dbVsTe8Rotu2hCaafq78BB8hSC7yLdhVXWnTXR/0MniqMywpGo27zxYKEzuCVNPkctTA==",
      "requires": {
        "typescript": "^3.8.3",
        "uglify-js": "^3.5.2"
      }
    },
    "decentraland-ecs-utils": {
      "version": "1.1.4",
      "resolved": "https://registry.npmjs.org/decentraland-ecs-utils/-/decentraland-ecs-utils-1.1.4.tgz",
      "integrity": "sha512-OVVvkeF7bLbE6HmA4XhsP9X2gawvsh8lwqcK49Olm8sz+3I3YtZxZk9IMdjjsPAYyX1B/08v0ZDjSZdWBIm2lw=="
    },
    "typescript": {
      "version": "3.9.7",
      "resolved": "https://registry.npmjs.org/typescript/-/typescript-3.9.7.tgz",
      "integrity": "sha512-BLbiRkiBzAwsjut4x/dsibSTB6yWpwT5qWmC2OfuCg3GgVQCSgMs4vEctYPhsaGtd0AeuuHMkjZ2h2WG8MSzRw=="
    },
    "uglify-js": {
      "version": "3.10.3",
      "resolved": "https://registry.npmjs.org/uglify-js/-/uglify-js-3.10.3.tgz",
      "integrity": "sha512-Lh00i69Uf6G74mvYpHCI9KVVXLcHW/xu79YTvH7Mkc9zyKUeSPz0owW0dguj0Scavns3ZOh3wY63J0Zb97Za2g=="
    }
  }
}
